
Microsoft Visual Studio Solution File, Format Version 12.00
# Visual Studio Version 16
VisualStudioVersion = 16.0.30330.147
MinimumVisualStudioVersion = 10.0.40219.1
Project("{9A19103F-16F7-4668-BE54-9A1E7A4F7556}") = "Mimic.WebApi", "src\Mimic.API\Mimic.WebApi.csproj", "{E1FDEAE9-7863-4916-B09E-4A7BF3C1A092}"
	ProjectSection(ProjectDependencies) = postProject
		{1BCB17A5-F791-40E0-AF9C-86D0D93799B1} = {1BCB17A5-F791-40E0-AF9C-86D0D93799B1}
	EndProjectSection
EndProject
Project("{9A19103F-16F7-4668-BE54-9A1E7A4F7556}") = "Mimic.Domain", "src\MimicAPI.Domain\Mimic.Domain.csproj", "{1BCB17A5-F791-40E0-AF9C-86D0D93799B1}"
EndProject
Global
	GlobalSection(SolutionConfigurationPlatforms) = preSolution
		Debug|Any CPU = Debug|Any CPU
		Release|Any CPU = Release|Any CPU
	EndGlobalSection
	GlobalSection(ProjectConfigurationPlatforms) = postSolution
		{E1FDEAE9-7863-4916-B09E-4A7BF3C1A092}.Debug|Any CPU.ActiveCfg = Debug|Any CPU
		{E1FDEAE9-7863-4916-B09E-4A7BF3C1A092}.Debug|Any CPU.Build.0 = Debug|Any CPU
		{E1FDEAE9-7863-4916-B09E-4A7BF3C1A092}.Release|Any CPU.ActiveCfg = Release|Any CPU
		{E1FDEAE9-7863-4916-B09E-4A7BF3C1A092}.Release|Any CPU.Build.0 = Release|Any CPU
		{1BCB17A5-F791-40E0-AF9C-86D0D93799B1}.Debug|Any CPU.ActiveCfg = Debug|Any CPU
		{1BCB17A5-F791-40E0-AF9C-86D0D93799B1}.Debug|Any CPU.Build.0 = Debug|Any CPU
		{1BCB17A5-F791-40E0-AF9C-86D0D93799B1}.Release|Any CPU.ActiveCfg = Release|Any CPU
		{1BCB17A5-F791-40E0-AF9C-86D0D93799B1}.Release|Any CPU.Build.0 = Release|Any CPU
	EndGlobalSection
	GlobalSection(SolutionProperties) = preSolution
		HideSolutionNode = FALSE
	EndGlobalSection
	GlobalSection(ExtensibilityGlobals) = postSolution
		SolutionGuid = {6D16E90D-5DDD-429F-AC12-F90380F38B04}
	EndGlobalSection
EndGlobal
